
Microsoft Visual Studio Solution File, Format Version 12.00
# Visual Studio Version 17
VisualStudioVersion = 17.12.35707.178 d17.12
MinimumVisualStudioVersion = 10.0.40219.1
Project("{FAE04EC0-301F-11D3-BF4B-00C04F79EFBC}") = "ProducerApp", "ProducerApp\ProducerApp.csproj", "{C88E43AF-2223-4DEF-9E1F-3A4CF46F4C5F}"
EndProject
Global
	GlobalSection(SolutionConfigurationPlatforms) = preSolution
		Debug|Any CPU = Debug|Any CPU
		Release|Any CPU = Release|Any CPU
	EndGlobalSection
	GlobalSection(ProjectConfigurationPlatforms) = postSolution
		{C88E43AF-2223-4DEF-9E1F-3A4CF46F4C5F}.Debug|Any CPU.ActiveCfg = Debug|Any CPU
		{C88E43AF-2223-4DEF-9E1F-3A4CF46F4C5F}.Debug|Any CPU.Build.0 = Debug|Any CPU
		{C88E43AF-2223-4DEF-9E1F-3A4CF46F4C5F}.Release|Any CPU.ActiveCfg = Release|Any CPU
		{C88E43AF-2223-4DEF-9E1F-3A4CF46F4C5F}.Release|Any CPU.Build.0 = Release|Any CPU
	EndGlobalSection
	GlobalSection(SolutionProperties) = preSolution
		HideSolutionNode = FALSE
	EndGlobalSection
EndGlobal
